
Microsoft Visual Studio Solution File, Format Version 12.00
# Visual Studio Version 16
VisualStudioVersion = 16.0.29709.97
MinimumVisualStudioVersion = 10.0.40219.1
Project("{FAE04EC0-301F-11D3-BF4B-00C04F79EFBC}") = "MiprimerproyectoMVC", "MiprimerproyectoMVC\MiprimerproyectoMVC.csproj", "{AC5877F1-B24E-44A1-83AD-785B2693BB43}"
EndProject
Project("{FAE04EC0-301F-11D3-BF4B-00C04F79EFBC}") = "Model", "Model\Model.csproj", "{3F4BF560-CC9A-48A7-B015-48A58414764D}"
EndProject
Global
	GlobalSection(SolutionConfigurationPlatforms) = preSolution
		Debug|Any CPU = Debug|Any CPU
		Release|Any CPU = Release|Any CPU
	EndGlobalSection
	GlobalSection(ProjectConfigurationPlatforms) = postSolution
		{AC5877F1-B24E-44A1-83AD-785B2693BB43}.Debug|Any CPU.ActiveCfg = Debug|Any CPU
		{AC5877F1-B24E-44A1-83AD-785B2693BB43}.Debug|Any CPU.Build.0 = Debug|Any CPU
		{AC5877F1-B24E-44A1-83AD-785B2693BB43}.Release|Any CPU.ActiveCfg = Release|Any CPU
		{AC5877F1-B24E-44A1-83AD-785B2693BB43}.Release|Any CPU.Build.0 = Release|Any CPU
		{3F4BF560-CC9A-48A7-B015-48A58414764D}.Debug|Any CPU.ActiveCfg = Debug|Any CPU
		{3F4BF560-CC9A-48A7-B015-48A58414764D}.Debug|Any CPU.Build.0 = Debug|Any CPU
		{3F4BF560-CC9A-48A7-B015-48A58414764D}.Release|Any CPU.ActiveCfg = Release|Any CPU
		{3F4BF560-CC9A-48A7-B015-48A58414764D}.Release|Any CPU.Build.0 = Release|Any CPU
	EndGlobalSection
	GlobalSection(SolutionProperties) = preSolution
		HideSolutionNode = FALSE
	EndGlobalSection
	GlobalSection(ExtensibilityGlobals) = postSolution
		SolutionGuid = {B33B316F-4459-4BE4-95DB-796B35F8D257}
	EndGlobalSection
EndGlobal
